
Microsoft Visual Studio Solution File, Format Version 12.00
# Visual Studio 2013
VisualStudioVersion = 12.0.31101.0
MinimumVisualStudioVersion = 10.0.40219.1
Project("{FAE04EC0-301F-11D3-BF4B-00C04F79EFBC}") = "SimpleWindow", "SimpleWindow\SimpleWindow.csproj", "{B1900248-0E07-4122-83BD-1C6F1F5BD44D}"
EndProject
Project("{FAE04EC0-301F-11D3-BF4B-00C04F79EFBC}") = "SimpleWindow.Console", "SImpleWindow.Console\SimpleWindow.Console.csproj", "{80C65E7A-C6CF-4202-9588-18891BE69C58}"
EndProject
Global
	GlobalSection(SolutionConfigurationPlatforms) = preSolution
		Debug|Any CPU = Debug|Any CPU
		Release|Any CPU = Release|Any CPU
	EndGlobalSection
	GlobalSection(ProjectConfigurationPlatforms) = postSolution
		{B1900248-0E07-4122-83BD-1C6F1F5BD44D}.Debug|Any CPU.ActiveCfg = Debug|Any CPU
		{B1900248-0E07-4122-83BD-1C6F1F5BD44D}.Debug|Any CPU.Build.0 = Debug|Any CPU
		{B1900248-0E07-4122-83BD-1C6F1F5BD44D}.Release|Any CPU.ActiveCfg = Release|Any CPU
		{B1900248-0E07-4122-83BD-1C6F1F5BD44D}.Release|Any CPU.Build.0 = Release|Any CPU
		{80C65E7A-C6CF-4202-9588-18891BE69C58}.Debug|Any CPU.ActiveCfg = Debug|Any CPU
		{80C65E7A-C6CF-4202-9588-18891BE69C58}.Debug|Any CPU.Build.0 = Debug|Any CPU
		{80C65E7A-C6CF-4202-9588-18891BE69C58}.Release|Any CPU.ActiveCfg = Release|Any CPU
		{80C65E7A-C6CF-4202-9588-18891BE69C58}.Release|Any CPU.Build.0 = Release|Any CPU
	EndGlobalSection
	GlobalSection(SolutionProperties) = preSolution
		HideSolutionNode = FALSE
	EndGlobalSection
EndGlobal
